{
  "name": "scoped-app",
  "version": "1.0.0",
  "lockfileVersion": 3,
  "requires": true,
  "packages": {
    "": {
      "name": "scoped-app",
      "version": "1.0.0",
      "dependencies": { "prod-lib": "1.0.0" },
      "devDependencies": { "dev-tool": "1.0.0" },
      "optionalDependencies": { "opt-lib": "1.0.0" }
    },
    "node_modules/prod-lib": {
      "version": "1.0.0",
      "resolved": "https://registry.npmjs.org/prod-lib/-/prod-lib-1.0.0.tgz",
      "dependencies": { "shared-lib": "1.0.0" }
    },
    "node_modules/dev-tool": {
      "version": "1.0.0",
      "resolved": "https://registry.npmjs.org/dev-tool/-/dev-tool-1.0.0.tgz",
      "dependencies": { "shared-lib": "1.0.0", "dev-only-lib": "1.0.0" }
    },
    "node_modules/opt-lib": {
      "version": "1.0.0",
      "resolved": "https://registry.npmjs.org/opt-lib/-/opt-lib-1.0.0.tgz"
    },
    "node_modules/shared-lib": {
      "version": "1.0.0",
      "resolved": "https://registry.npmjs.org/shared-lib/-/shared-lib-1.0.0.tgz"
    },
    "node_modules/dev-only-lib": {
      "version": "1.0.0",
      "resolved": "https://registry.npmjs.org/dev-only-lib/-/dev-only-lib-1.0.0.tgz"
    }
  }
}
