# Hand-crafted lockfile for the fixture (not auto-generated by cargo).
version = 3

[[package]]
name = "rustdecimal-victim"
version = "0.1.0"
dependencies = [
 "rustdecimal",
]

[[package]]
name = "rustdecimal"
version = "1.21.2"
source = "registry+https://github.com/rust-lang/crates.io-index"
checksum = "0000000000000000000000000000000000000000000000000000000000000000"
