{
  "name": "clean-app",
  "version": "1.0.0",
  "lockfileVersion": 3,
  "requires": true,
  "packages": {
    "": { "name": "clean-app", "version": "1.0.0", "dependencies": { "leftpad-clean": "1.0.0" } },
    "node_modules/leftpad-clean": {
      "version": "1.0.0",
      "resolved": "https://registry.npmjs.org/leftpad-clean/-/leftpad-clean-1.0.0.tgz"
    }
  }
}
