github.com/sirupsen/logrous v1.9.3 h1:0000000000000000000000000000000000000000000=
github.com/sirupsen/logrous v1.9.3/go.mod h1:1111111111111111111111111111111111111111111=
golang.org/x/sys v0.13.0 h1:2222222222222222222222222222222222222222222=
golang.org/x/sys v0.13.0/go.mod h1:3333333333333333333333333333333333333333333=
