{
  "name": "licensed-app",
  "version": "1.0.0",
  "lockfileVersion": 3,
  "requires": true,
  "packages": {
    "": {
      "name": "licensed-app",
      "version": "1.0.0",
      "dependencies": { "permissive": "1.0.0", "dual": "1.0.0", "copyleft": "1.0.0", "bespoke": "1.0.0", "silent": "1.0.0" },
      "devDependencies": { "devtool": "1.0.0" }
    },
    "node_modules/permissive": { "version": "1.0.0", "license": "MIT" },
    "node_modules/dual": { "version": "1.0.0", "license": "MIT OR AGPL-3.0" },
    "node_modules/copyleft": { "version": "1.0.0", "license": "AGPL-3.0" },
    "node_modules/bespoke": { "version": "1.0.0", "license": "see the LICENSE file" },
    "node_modules/silent": { "version": "1.0.0" },
    "node_modules/devtool": { "version": "1.0.0", "license": "GPL-3.0-only" }
  }
}
